{
  "version": 4,
  "terraform_version": "1.15.8",
  "serial": 245,
  "lineage": "ab4d7686-2ca1-8ebd-098b-401f7918aaa7",
  "outputs": {
    "rds_address": {
      "value": "terraform-ba4a43e64d2b1e00aeca24dab2.cbommsc0czj2.ap-south-2.rds.amazonaws.com",
      "type": "string"
    },
    "rds_arn": {
      "value": "arn:aws:rds:ap-south-2:852922979948:db:terraform-ba4a43e64d2b1e00aeca24dab2",
      "type": "string"
    },
    "rds_endpoint": {
      "value": "terraform-ba4a43e64d2b1e00aeca24dab2.cbommsc0czj2.ap-south-2.rds.amazonaws.com:3306",
      "type": "string"
    },
    "rds_id": {
      "value": "db-FQUXV4UNTL3J63KV2O2CPZ4X2I",
      "type": "string"
    },
    "rds_port": {
      "value": 3306,
      "type": "number"
    }
  },
  "resources": [
    {
      "mode": "managed",
      "type": "aws_db_instance",
      "name": "mysql",
      "provider": "provider[\"registry.terraform.io/hashicorp/aws\"]",
      "instances": [
        {
          "schema_version": 2,
          "attributes": {
            "address": "terraform-ba4a43e64d2b1e00aeca24dab2.cbommsc0czj2.ap-south-2.rds.amazonaws.com",
            "allocated_storage": 10,
            "allow_major_version_upgrade": null,
            "apply_immediately": false,
            "arn": "arn:aws:rds:ap-south-2:852922979948:db:terraform-ba4a43e64d2b1e00aeca24dab2",
            "auto_minor_version_upgrade": true,
            "availability_zone": "ap-south-2c",
            "backup_retention_period": 0,
            "backup_target": "region",
            "backup_window": "12:18-12:48",
            "blue_green_update": [],
            "ca_cert_identifier": "rds-ca-rsa2048-g1",
            "character_set_name": "",
            "copy_tags_to_snapshot": false,
            "custom_iam_instance_profile": "",
            "customer_owned_ip_enabled": false,
            "database_insights_mode": "standard",
            "db_name": "mydb",
            "db_subnet_group_name": "default",
            "dedicated_log_volume": false,
            "delete_automated_backups": true,
            "deletion_protection": false,
            "domain": "",
            "domain_auth_secret_arn": "",
            "domain_dns_ips": [],
            "domain_fqdn": "",
            "domain_iam_role_name": "",
            "domain_ou": "",
            "enabled_cloudwatch_logs_exports": [],
            "endpoint": "terraform-ba4a43e64d2b1e00aeca24dab2.cbommsc0czj2.ap-south-2.rds.amazonaws.com:3306",
            "engine": "mysql",
            "engine_lifecycle_support": "open-source-rds-extended-support",
            "engine_version": "8.0",
            "engine_version_actual": "8.0.46",
            "final_snapshot_identifier": null,
            "hosted_zone_id": "Z098687625BJA6F8S4YLC",
            "iam_database_authentication_enabled": false,
            "id": "db-FQUXV4UNTL3J63KV2O2CPZ4X2I",
            "identifier": "terraform-ba4a43e64d2b1e00aeca24dab2",
            "identifier_prefix": "terraform-",
            "instance_class": "db.t3.micro",
            "iops": 0,
            "kms_key_id": "",
            "latest_restorable_time": "",
            "license_model": "general-public-license",
            "listener_endpoint": [],
            "maintenance_window": "sun:10:00-sun:10:30",
            "manage_master_user_password": null,
            "master_user_secret": [],
            "master_user_secret_kms_key_id": null,
            "max_allocated_storage": 0,
            "monitoring_interval": 0,
            "monitoring_role_arn": "",
            "multi_az": false,
            "nchar_character_set_name": "",
            "network_type": "IPV4",
            "option_group_name": "default:mysql-8-0",
            "parameter_group_name": "default.mysql8.0",
            "password": null,
            "password_wo": null,
            "password_wo_version": 1,
            "performance_insights_enabled": false,
            "performance_insights_kms_key_id": "",
            "performance_insights_retention_period": 0,
            "port": 3306,
            "publicly_accessible": false,
            "region": "ap-south-2",
            "replica_mode": "",
            "replicas": [],
            "replicate_source_db": "",
            "resource_id": "db-FQUXV4UNTL3J63KV2O2CPZ4X2I",
            "restore_to_point_in_time": [],
            "s3_import": [],
            "skip_final_snapshot": true,
            "snapshot_identifier": null,
            "status": "available",
            "storage_encrypted": false,
            "storage_throughput": 0,
            "storage_type": "gp2",
            "tags": {},
            "tags_all": {},
            "timeouts": null,
            "timezone": "",
            "upgrade_rollout_order": "second",
            "upgrade_storage_config": null,
            "username": "admin",
            "vpc_security_group_ids": [
              "sg-0ebb3e1f9c1d52645"
            ]
          },
          "sensitive_attributes": [
            [
              {
                "type": "get_attr",
                "value": "password"
              }
            ],
            [
              {
                "type": "get_attr",
                "value": "password_wo"
              }
            ]
          ],
          "identity_schema_version": 0,
          "private": "eyJlMmJmYjczMC1lY2FhLTExZTYtOGY4OC0zNDM2M2JjN2M0YzAiOnsiY3JlYXRlIjozMDAwMDAwMDAwMDAwLCJkZWxldGUiOjM2MDAwMDAwMDAwMDAsInVwZGF0ZSI6NDgwMDAwMDAwMDAwMH0sInNjaGVtYV92ZXJzaW9uIjoiMiJ9",
          "dependencies": [
            "ephemeral.random_password.db_password"
          ]
        }
      ]
    },
    {
      "mode": "managed",
      "type": "aws_iam_instance_profile",
      "name": "ec2_profile",
      "provider": "provider[\"registry.terraform.io/hashicorp/aws\"]",
      "instances": [
        {
          "schema_version": 0,
          "attributes": {
            "arn": "arn:aws:iam::852922979948:instance-profile/EC2-SecretsManager-Profile1",
            "create_date": "2026-08-03T11:46:06Z",
            "id": "EC2-SecretsManager-Profile1",
            "name": "EC2-SecretsManager-Profile1",
            "name_prefix": "",
            "path": "/",
            "role": "EC2-SecretsManager-Role1",
            "tags": {},
            "tags_all": {},
            "unique_id": "AIPA4NFRL2ZWDTQGZPMGF"
          },
          "sensitive_attributes": [],
          "identity_schema_version": 0,
          "identity": {
            "account_id": "852922979948",
            "name": "EC2-SecretsManager-Profile1"
          },
          "private": "bnVsbA==",
          "dependencies": [
            "aws_iam_role.ec2_secret_role"
          ]
        }
      ]
    },
    {
      "mode": "managed",
      "type": "aws_iam_policy",
      "name": "secrets_manager_policy",
      "provider": "provider[\"registry.terraform.io/hashicorp/aws\"]",
      "instances": [
        {
          "schema_version": 0,
          "attributes": {
            "arn": "arn:aws:iam::852922979948:policy/SecretsManagerReadPolicy",
            "attachment_count": 1,
            "delay_after_policy_creation_in_ms": null,
            "description": "Allow EC2 to read secrets from AWS Secrets Manager",
            "id": "arn:aws:iam::852922979948:policy/SecretsManagerReadPolicy",
            "name": "SecretsManagerReadPolicy",
            "name_prefix": "",
            "path": "/",
            "policy": "{\"Statement\":[{\"Action\":[\"secretsmanager:GetSecretValue\",\"secretsmanager:DescribeSecret\"],\"Effect\":\"Allow\",\"Resource\":\"*\"}],\"Version\":\"2012-10-17\"}",
            "policy_id": "ANPA4NFRL2ZWGNVYQSBBM",
            "tags": {},
            "tags_all": {}
          },
          "sensitive_attributes": [],
          "identity_schema_version": 0,
          "identity": {
            "arn": "arn:aws:iam::852922979948:policy/SecretsManagerReadPolicy"
          },
          "private": "bnVsbA=="
        }
      ]
    },
    {
      "mode": "managed",
      "type": "aws_iam_role",
      "name": "ec2_secret_role",
      "provider": "provider[\"registry.terraform.io/hashicorp/aws\"]",
      "instances": [
        {
          "schema_version": 0,
          "attributes": {
            "arn": "arn:aws:iam::852922979948:role/EC2-SecretsManager-Role1",
            "assume_role_policy": "{\"Statement\":[{\"Action\":\"sts:AssumeRole\",\"Effect\":\"Allow\",\"Principal\":{\"Service\":\"ec2.amazonaws.com\"}}],\"Version\":\"2012-10-17\"}",
            "create_date": "2026-08-03T11:46:05Z",
            "description": "",
            "force_detach_policies": false,
            "id": "EC2-SecretsManager-Role1",
            "inline_policy": [],
            "managed_policy_arns": [
              "arn:aws:iam::852922979948:policy/SecretsManagerReadPolicy"
            ],
            "max_session_duration": 3600,
            "name": "EC2-SecretsManager-Role1",
            "name_prefix": "",
            "path": "/",
            "permissions_boundary": "",
            "tags": {},
            "tags_all": {},
            "unique_id": "AROA4NFRL2ZWGDFXWDW37"
          },
          "sensitive_attributes": [],
          "identity_schema_version": 0,
          "identity": {
            "account_id": "852922979948",
            "name": "EC2-SecretsManager-Role1"
          },
          "private": "bnVsbA=="
        }
      ]
    },
    {
      "mode": "managed",
      "type": "aws_iam_role_policy_attachment",
      "name": "attach_secret_policy",
      "provider": "provider[\"registry.terraform.io/hashicorp/aws\"]",
      "instances": [
        {
          "schema_version": 0,
          "attributes": {
            "id": "EC2-SecretsManager-Role1/arn:aws:iam::852922979948:policy/SecretsManagerReadPolicy",
            "policy_arn": "arn:aws:iam::852922979948:policy/SecretsManagerReadPolicy",
            "role": "EC2-SecretsManager-Role1"
          },
          "sensitive_attributes": [],
          "identity_schema_version": 0,
          "identity": {
            "account_id": "852922979948",
            "policy_arn": "arn:aws:iam::852922979948:policy/SecretsManagerReadPolicy",
            "role": "EC2-SecretsManager-Role1"
          },
          "private": "bnVsbA==",
          "dependencies": [
            "aws_iam_policy.secrets_manager_policy",
            "aws_iam_role.ec2_secret_role"
          ]
        }
      ]
    },
    {
      "mode": "managed",
      "type": "aws_instance",
      "name": "myec2",
      "provider": "provider[\"registry.terraform.io/hashicorp/aws\"]",
      "instances": [
        {
          "schema_version": 2,
          "attributes": {
            "ami": "ami-0b2ac1bf38835e348",
            "arn": "arn:aws:ec2:ap-south-2:852922979948:instance/i-0ec0d72624fcea938",
            "associate_public_ip_address": true,
            "availability_zone": "ap-south-2b",
            "capacity_reservation_specification": [
              {
                "capacity_reservation_preference": "open",
                "capacity_reservation_target": []
              }
            ],
            "cpu_options": [
              {
                "amd_sev_snp": "",
                "core_count": 1,
                "nested_virtualization": "",
                "threads_per_core": 2
              }
            ],
            "credit_specification": [
              {
                "cpu_credits": "unlimited"
              }
            ],
            "disable_api_stop": false,
            "disable_api_termination": false,
            "ebs_block_device": [],
            "ebs_optimized": false,
            "enable_primary_ipv6": null,
            "enclave_options": [
              {
                "enabled": false
              }
            ],
            "ephemeral_block_device": [],
            "force_destroy": false,
            "get_password_data": false,
            "hibernation": false,
            "host_id": "",
            "host_resource_group_arn": null,
            "iam_instance_profile": "EC2-SecretsManager-Profile1",
            "id": "i-0ec0d72624fcea938",
            "instance_initiated_shutdown_behavior": "stop",
            "instance_lifecycle": "",
            "instance_market_options": [],
            "instance_state": "running",
            "instance_type": "t3.micro",
            "ipv6_address_count": 0,
            "ipv6_addresses": [],
            "key_name": "terraform-key",
            "launch_template": [],
            "maintenance_options": [
              {
                "auto_recovery": "default"
              }
            ],
            "metadata_options": [
              {
                "http_endpoint": "enabled",
                "http_protocol_ipv6": "disabled",
                "http_put_response_hop_limit": 2,
                "http_tokens": "required",
                "instance_metadata_tags": "disabled"
              }
            ],
            "monitoring": false,
            "network_interface": [],
            "outpost_arn": "",
            "password_data": "",
            "placement_group": "",
            "placement_group_id": "",
            "placement_partition_number": 0,
            "primary_network_interface": [
              {
                "delete_on_termination": true,
                "network_interface_id": "eni-0936fefcebd0c39fb"
              }
            ],
            "primary_network_interface_id": "eni-0936fefcebd0c39fb",
            "private_dns": "ip-172-31-46-169.ap-south-2.compute.internal",
            "private_dns_name_options": [
              {
                "enable_resource_name_dns_a_record": false,
                "enable_resource_name_dns_aaaa_record": false,
                "hostname_type": "ip-name"
              }
            ],
            "private_ip": "172.31.46.169",
            "public_dns": "ec2-18-61-70-126.ap-south-2.compute.amazonaws.com",
            "public_ip": "18.61.70.126",
            "region": "ap-south-2",
            "root_block_device": [
              {
                "delete_on_termination": true,
                "device_name": "/dev/xvda",
                "encrypted": false,
                "iops": 3000,
                "kms_key_id": "",
                "tags": {},
                "tags_all": {},
                "throughput": 125,
                "volume_id": "vol-0910bf8d6baeb2190",
                "volume_size": 8,
                "volume_type": "gp3"
              }
            ],
            "secondary_network_interface": [],
            "secondary_private_ips": [],
            "security_groups": [
              "default"
            ],
            "source_dest_check": true,
            "spot_instance_request_id": "",
            "subnet_id": "subnet-096e07516ee0b04d0",
            "tags": {
              "Name": "Production-WebServer"
            },
            "tags_all": {
              "Name": "Production-WebServer"
            },
            "tenancy": "default",
            "timeouts": null,
            "user_data": "#!/bin/bash\nset -ex\nexec \u003e /var/log/user-data.log 2\u003e\u00261\necho \"Starting user-data...\"\nsudo dnf update -y\nsudo dnf install mariadb105 jq awscli -y\ncd /home/ec2-user\ncurl -O https://truststore.pki.rds.amazonaws.com/global/global-bundle.pem\nsleep 30\nSECRET=$(aws secretsmanager get-secret-value \\\n    --region ap-south-2 \\\n    --secret-id db_pass5 \\\n    --query SecretString \\\n    --output text)\n\necho \"SECRET CONTENT:\"\necho \"$SECRET\"\n\nPASSWORD=$(echo \"$SECRET\" | jq -r '.password')\nUSERNAME=$(echo \"$SECRET\" | jq -r '.username')\n\necho \"Waiting for RDS...\"\n\nuntil mysql \\\n    -h terraform-ba4a43e64d2b1e00aeca24dab2.cbommsc0czj2.ap-south-2.rds.amazonaws.com \\\n    -P 3306 \\\n    -u\"$USERNAME\" \\\n    -p\"$PASSWORD\" \\\n    --ssl-ca=/home/ec2-user/global-bundle.pem \\\n    -e \"SELECT 1;\" \u003e/dev/null 2\u003e\u00261\ndo\n    sleep 10\ndone\n\necho \"Connected to RDS\"\n\nmysql \\\n-h terraform-ba4a43e64d2b1e00aeca24dab2.cbommsc0czj2.ap-south-2.rds.amazonaws.com \\\n -P 3306 \\\n -u\"$USERNAME\" \\\n -p\"$PASSWORD\" \\\n--ssl-ca=/home/ec2-user/global-bundle.pem \u003c\u003cEOF\n\nCREATE DATABASE IF NOT EXISTS company_db;\n\nUSE company_db;\n\nCREATE TABLE IF NOT EXISTS employees\n(\n    emp_id INT AUTO_INCREMENT PRIMARY KEY,\n    first_name VARCHAR(50) NOT NULL,\n    last_name VARCHAR(50) NOT NULL,\n    email VARCHAR(100) UNIQUE,\n    salary DECIMAL(10,2),\n    hire_date DATE,\n    department VARCHAR(50)\n);\n\nINSERT INTO employees\n(\nfirst_name,\nlast_name,\nemail,\nsalary,\nhire_date,\ndepartment\n)\nVALUES\n(\n'John',\n'Doe',\n'john.doe@example.com',\n50000,\n'2026-07-31',\n'IT'\n),\n(\n'Jane',\n'Smith',\n'jane.smith@example.com',\n60000,\n'2026-07-31',\n'HR'\n);\n\nINSERT INTO employees\n(\nfirst_name,\nlast_name,\nemail,\nsalary,\nhire_date,\ndepartment\n)\nVALUES\n(\n'Dasi',\n'Venkat',\n'venkat@example.com',\n50001,\n'2027-07-31',\n'IT'\n),\n(\n'suresh',\n'raja',\n'jane.smith@example.com',\n60001,\n'2026-07-31',\n'HR'\n);\n\nEOF\n\necho \"Database initialized successfully.\"",
            "user_data_base64": null,
            "user_data_replace_on_change": false,
            "volume_tags": null,
            "vpc_security_group_ids": [
              "sg-0ebb3e1f9c1d52645"
            ]
          },
          "sensitive_attributes": [],
          "identity_schema_version": 0,
          "identity": {
            "account_id": "852922979948",
            "id": "i-0ec0d72624fcea938",
            "region": "ap-south-2"
          },
          "private": "eyJlMmJmYjczMC1lY2FhLTExZTYtOGY4OC0zNDM2M2JjN2M0YzAiOnsiY3JlYXRlIjo2MDAwMDAwMDAwMDAsImRlbGV0ZSI6MTIwMDAwMDAwMDAwMCwicmVhZCI6OTAwMDAwMDAwMDAwLCJ1cGRhdGUiOjYwMDAwMDAwMDAwMH0sInNjaGVtYV92ZXJzaW9uIjoiMiJ9",
          "dependencies": [
            "aws_db_instance.mysql",
            "aws_iam_instance_profile.ec2_profile",
            "aws_iam_role.ec2_secret_role",
            "aws_secretsmanager_secret.db_password",
            "aws_secretsmanager_secret_version.db_password",
            "ephemeral.random_password.db_password"
          ]
        }
      ]
    },
    {
      "mode": "managed",
      "type": "aws_secretsmanager_secret",
      "name": "db_password",
      "provider": "provider[\"registry.terraform.io/hashicorp/aws\"]",
      "instances": [
        {
          "schema_version": 0,
          "attributes": {
            "arn": "arn:aws:secretsmanager:ap-south-2:852922979948:secret:db_pass5-O8HDMu",
            "description": "",
            "force_overwrite_replica_secret": false,
            "id": "arn:aws:secretsmanager:ap-south-2:852922979948:secret:db_pass5-O8HDMu",
            "kms_key_id": "",
            "name": "db_pass5",
            "name_prefix": "",
            "policy": "",
            "recovery_window_in_days": 30,
            "region": "ap-south-2",
            "replica": [],
            "tags": {},
            "tags_all": {},
            "type": ""
          },
          "sensitive_attributes": [],
          "identity_schema_version": 0,
          "identity": {
            "arn": "arn:aws:secretsmanager:ap-south-2:852922979948:secret:db_pass5-O8HDMu"
          },
          "private": "bnVsbA=="
        }
      ]
    },
    {
      "mode": "managed",
      "type": "aws_secretsmanager_secret_version",
      "name": "db_password",
      "provider": "provider[\"registry.terraform.io/hashicorp/aws\"]",
      "instances": [
        {
          "schema_version": 0,
          "attributes": {
            "arn": "arn:aws:secretsmanager:ap-south-2:852922979948:secret:db_pass5-O8HDMu",
            "has_secret_string_wo": true,
            "id": "arn:aws:secretsmanager:ap-south-2:852922979948:secret:db_pass5-O8HDMu|terraform-Weo1sstLLmfcoDPxpLcRh8Nsqv",
            "region": "ap-south-2",
            "secret_arn": "arn:aws:secretsmanager:ap-south-2:852922979948:secret:db_pass5-O8HDMu",
            "secret_binary": "",
            "secret_id": "arn:aws:secretsmanager:ap-south-2:852922979948:secret:db_pass5-O8HDMu",
            "secret_string": "",
            "secret_string_wo": null,
            "secret_string_wo_version": 1,
            "version_id": "terraform-Weo1sstLLmfcoDPxpLcRh8Nsqv",
            "version_stages": [
              "AWSCURRENT"
            ]
          },
          "sensitive_attributes": [
            [
              {
                "type": "get_attr",
                "value": "secret_binary"
              }
            ],
            [
              {
                "type": "get_attr",
                "value": "secret_string"
              }
            ],
            [
              {
                "type": "get_attr",
                "value": "secret_string_wo"
              }
            ]
          ],
          "identity_schema_version": 0,
          "identity": {
            "account_id": "852922979948",
            "region": "ap-south-2",
            "secret_id": "arn:aws:secretsmanager:ap-south-2:852922979948:secret:db_pass5-O8HDMu",
            "version_id": "terraform-Weo1sstLLmfcoDPxpLcRh8Nsqv"
          },
          "private": "bnVsbA==",
          "dependencies": [
            "aws_secretsmanager_secret.db_password",
            "ephemeral.random_password.db_password"
          ]
        }
      ]
    }
  ],
  "check_results": null
}
